{
    "version": 3,
    "terraform_version": "0.11.3",
    "serial": 2,
    "lineage": "52cb354b-2c40-4724-836c-b02cdadc009f",
    "modules": [
        {
            "path": [
                "root"
            ],
            "outputs": {},
            "resources": {
                "aws_key_pair.add_terraform_key": {
                    "type": "aws_key_pair",
                    "depends_on": [],
                    "primary": {
                        "id": "terraform-key",
                        "attributes": {
                            "fingerprint": "54:f5:8d:39:8f:a6:17:87:41:e4:66:75:d2:44:54:ed",
                            "id": "terraform-key",
                            "key_name": "terraform-key",
                            "public_key": "ssh-rsa AAAAB3NzaC1yc2EAAAADAQABAAACAQDllVejIyQpF31DzmGRhJEZcAaDRv82i7E/BkamG/nAVekxug81VYUgKstC0iEzhGGid2Mrtk0WFso8V146L4tZR3+20mKhaa4Ng/DNCT3BmEnTYhk6Bq+p8Z1v11dRJCOPbBQ15VNzMcBphbkxePXITsYcvZQ3AB0PCzTH9xtrkkFK06IueFDaUCBs8Yp5gv9xPR7Me2/+QLTCkziwc/JoB91vAViGbLHQ9yEzPzOw2n2tzJkQYLgCnLX919X6+OSp31v97V6mmh/8oyb1woNa1e5UXEDc8yTNsrBaILsBasUFSF5nhKJUmdvffrcSgs5c9AkeiWEwUz/o3bhKSL4pr9OH0fvBXf1g1bL6wmfO9gsVxxX9Wvuy7pjWPUncjZhoeMN/BvEXDQFWPF3x7fIgM3Fl9RfOmYVMxsO52WmiKb7hz3EQLbzRffyfIaA9iXRnq9GH0ccGEKFJp+FAjmujSOzj9kxLgnNH8JSi4o7/931aUZ6K0qA4vqsvk8Uw5pmkPyWdllpm9PZ/M379DjOzWXiePVsRudDqBN9S/PrqJR3cR9ACNPs+SJngxsU7Fqpvr2Efh+2wZqvACZUifH0vt6NrPzPBkKTvOZJcUa/ZqQTG0y1ClVQSvjEUmmg++AbAR08ZtVZnXzfEMNsdbc//TrSTT7CSWSuKZMjQCwLKzw== hello@rolindroy"
                        },
                        "meta": {
                            "schema_version": "1"
                        },
                        "tainted": false
                    },
                    "deposed": [],
                    "provider": "provider.aws"
                },
                "aws_subnet.subnet_1": {
                    "type": "aws_subnet",
                    "depends_on": [
                        "aws_vpc.terraform_vpc"
                    ],
                    "primary": {
                        "id": "subnet-56ff141c",
                        "attributes": {
                            "assign_ipv6_address_on_creation": "false",
                            "availability_zone": "us-east-1a",
                            "cidr_block": "10.0.1.0/24",
                            "id": "subnet-56ff141c",
                            "map_public_ip_on_launch": "false",
                            "tags.%": "1",
                            "tags.Name": "subnet-1",
                            "vpc_id": "vpc-8bbb12f0"
                        },
                        "meta": {
                            "schema_version": "1"
                        },
                        "tainted": false
                    },
                    "deposed": [],
                    "provider": "provider.aws"
                },
                "aws_subnet.subnet_2": {
                    "type": "aws_subnet",
                    "depends_on": [
                        "aws_vpc.terraform_vpc"
                    ],
                    "primary": {
                        "id": "subnet-1ef0d743",
                        "attributes": {
                            "assign_ipv6_address_on_creation": "false",
                            "availability_zone": "us-east-1b",
                            "cidr_block": "10.0.2.0/24",
                            "id": "subnet-1ef0d743",
                            "map_public_ip_on_launch": "false",
                            "tags.%": "1",
                            "tags.Name": "subnet-2",
                            "vpc_id": "vpc-8bbb12f0"
                        },
                        "meta": {
                            "schema_version": "1"
                        },
                        "tainted": false
                    },
                    "deposed": [],
                    "provider": "provider.aws"
                },
                "aws_vpc.terraform_vpc": {
                    "type": "aws_vpc",
                    "depends_on": [],
                    "primary": {
                        "id": "vpc-8bbb12f0",
                        "attributes": {
                            "assign_generated_ipv6_cidr_block": "false",
                            "cidr_block": "10.0.0.0/16",
                            "default_network_acl_id": "acl-5ed8e225",
                            "default_route_table_id": "rtb-3360bc4f",
                            "default_security_group_id": "sg-4610b630",
                            "dhcp_options_id": "dopt-becd8bc6",
                            "enable_classiclink": "false",
                            "enable_classiclink_dns_support": "false",
                            "enable_dns_hostnames": "true",
                            "enable_dns_support": "true",
                            "id": "vpc-8bbb12f0",
                            "instance_tenancy": "dedicated",
                            "main_route_table_id": "rtb-3360bc4f",
                            "tags.%": "1",
                            "tags.Name": "terraform"
                        },
                        "meta": {
                            "schema_version": "1"
                        },
                        "tainted": false
                    },
                    "deposed": [],
                    "provider": "provider.aws"
                }
            },
            "depends_on": []
        }
    ]
}
