{
    "version": 3,
    "terraform_version": "0.11.3",
    "serial": 8,
    "lineage": "52cb354b-2c40-4724-836c-b02cdadc009f",
    "modules": [
        {
            "path": [
                "root"
            ],
            "outputs": {},
            "resources": {
                "aws_default_route_table.terraform_rt": {
                    "type": "aws_default_route_table",
                    "depends_on": [
                        "aws_internet_gateway.terrafom_gw",
                        "aws_vpc.terraform_vpc"
                    ],
                    "primary": {
                        "id": "rtb-f697488a",
                        "attributes": {
                            "default_route_table_id": "rtb-f697488a",
                            "id": "rtb-f697488a",
                            "propagating_vgws.#": "0",
                            "route.#": "1",
                            "route.1208069216.cidr_block": "0.0.0.0/0",
                            "route.1208069216.egress_only_gateway_id": "",
                            "route.1208069216.gateway_id": "igw-9dac65e5",
                            "route.1208069216.instance_id": "",
                            "route.1208069216.ipv6_cidr_block": "",
                            "route.1208069216.nat_gateway_id": "",
                            "route.1208069216.network_interface_id": "",
                            "route.1208069216.vpc_peering_connection_id": "",
                            "tags.%": "1",
                            "tags.Name": "terraform_default_rt",
                            "vpc_id": "vpc-8f8029f4"
                        },
                        "meta": {},
                        "tainted": false
                    },
                    "deposed": [],
                    "provider": "provider.aws"
                },
                "aws_internet_gateway.terrafom_gw": {
                    "type": "aws_internet_gateway",
                    "depends_on": [
                        "aws_vpc.terraform_vpc"
                    ],
                    "primary": {
                        "id": "igw-9dac65e5",
                        "attributes": {
                            "id": "igw-9dac65e5",
                            "tags.%": "1",
                            "tags.Name": "terraform_gw",
                            "vpc_id": "vpc-8f8029f4"
                        },
                        "meta": {},
                        "tainted": false
                    },
                    "deposed": [],
                    "provider": "provider.aws"
                },
                "aws_key_pair.add_terraform_key": {
                    "type": "aws_key_pair",
                    "depends_on": [],
                    "primary": {
                        "id": "terraform-key",
                        "attributes": {
                            "fingerprint": "54:f5:8d:39:8f:a6:17:87:41:e4:66:75:d2:44:54:ed",
                            "id": "terraform-key",
                            "key_name": "terraform-key",
                            "public_key": "ssh-rsa AAAAB3NzaC1yc2EAAAADAQABAAACAQDllVejIyQpF31DzmGRhJEZcAaDRv82i7E/BkamG/nAVekxug81VYUgKstC0iEzhGGid2Mrtk0WFso8V146L4tZR3+20mKhaa4Ng/DNCT3BmEnTYhk6Bq+p8Z1v11dRJCOPbBQ15VNzMcBphbkxePXITsYcvZQ3AB0PCzTH9xtrkkFK06IueFDaUCBs8Yp5gv9xPR7Me2/+QLTCkziwc/JoB91vAViGbLHQ9yEzPzOw2n2tzJkQYLgCnLX919X6+OSp31v97V6mmh/8oyb1woNa1e5UXEDc8yTNsrBaILsBasUFSF5nhKJUmdvffrcSgs5c9AkeiWEwUz/o3bhKSL4pr9OH0fvBXf1g1bL6wmfO9gsVxxX9Wvuy7pjWPUncjZhoeMN/BvEXDQFWPF3x7fIgM3Fl9RfOmYVMxsO52WmiKb7hz3EQLbzRffyfIaA9iXRnq9GH0ccGEKFJp+FAjmujSOzj9kxLgnNH8JSi4o7/931aUZ6K0qA4vqsvk8Uw5pmkPyWdllpm9PZ/M379DjOzWXiePVsRudDqBN9S/PrqJR3cR9ACNPs+SJngxsU7Fqpvr2Efh+2wZqvACZUifH0vt6NrPzPBkKTvOZJcUa/ZqQTG0y1ClVQSvjEUmmg++AbAR08ZtVZnXzfEMNsdbc//TrSTT7CSWSuKZMjQCwLKzw== hello@rolindroy"
                        },
                        "meta": {
                            "schema_version": "1"
                        },
                        "tainted": false
                    },
                    "deposed": [],
                    "provider": "provider.aws"
                },
                "aws_route_table_association.terraform_public_subnet_1": {
                    "type": "aws_route_table_association",
                    "depends_on": [
                        "aws_subnet.subnet_1",
                        "aws_vpc.terraform_vpc"
                    ],
                    "primary": {
                        "id": "rtbassoc-e2ecd39e",
                        "attributes": {
                            "id": "rtbassoc-e2ecd39e",
                            "route_table_id": "rtb-f697488a",
                            "subnet_id": "subnet-67ff142d"
                        },
                        "meta": {},
                        "tainted": false
                    },
                    "deposed": [],
                    "provider": "provider.aws"
                },
                "aws_security_group.terrafrom_sg_app": {
                    "type": "aws_security_group",
                    "depends_on": [
                        "aws_vpc.terraform_vpc"
                    ],
                    "primary": {
                        "id": "sg-a3c263d5",
                        "attributes": {
                            "description": "Allow all egress traffic and ingress 22,80",
                            "egress.#": "1",
                            "egress.482069346.cidr_blocks.#": "1",
                            "egress.482069346.cidr_blocks.0": "0.0.0.0/0",
                            "egress.482069346.description": "",
                            "egress.482069346.from_port": "0",
                            "egress.482069346.ipv6_cidr_blocks.#": "0",
                            "egress.482069346.prefix_list_ids.#": "0",
                            "egress.482069346.protocol": "-1",
                            "egress.482069346.security_groups.#": "0",
                            "egress.482069346.self": "false",
                            "egress.482069346.to_port": "0",
                            "id": "sg-a3c263d5",
                            "ingress.#": "2",
                            "ingress.2214680975.cidr_blocks.#": "1",
                            "ingress.2214680975.cidr_blocks.0": "0.0.0.0/0",
                            "ingress.2214680975.description": "",
                            "ingress.2214680975.from_port": "80",
                            "ingress.2214680975.ipv6_cidr_blocks.#": "0",
                            "ingress.2214680975.protocol": "tcp",
                            "ingress.2214680975.security_groups.#": "0",
                            "ingress.2214680975.self": "false",
                            "ingress.2214680975.to_port": "80",
                            "ingress.2541437006.cidr_blocks.#": "1",
                            "ingress.2541437006.cidr_blocks.0": "0.0.0.0/0",
                            "ingress.2541437006.description": "",
                            "ingress.2541437006.from_port": "22",
                            "ingress.2541437006.ipv6_cidr_blocks.#": "0",
                            "ingress.2541437006.protocol": "tcp",
                            "ingress.2541437006.security_groups.#": "0",
                            "ingress.2541437006.self": "false",
                            "ingress.2541437006.to_port": "22",
                            "name": "terraform_sg_app",
                            "owner_id": "947778580129",
                            "revoke_rules_on_delete": "false",
                            "tags.%": "0",
                            "vpc_id": "vpc-8f8029f4"
                        },
                        "meta": {
                            "schema_version": "1"
                        },
                        "tainted": false
                    },
                    "deposed": [],
                    "provider": "provider.aws"
                },
                "aws_subnet.subnet_1": {
                    "type": "aws_subnet",
                    "depends_on": [
                        "aws_vpc.terraform_vpc"
                    ],
                    "primary": {
                        "id": "subnet-67ff142d",
                        "attributes": {
                            "assign_ipv6_address_on_creation": "false",
                            "availability_zone": "us-east-1a",
                            "cidr_block": "10.0.1.0/24",
                            "id": "subnet-67ff142d",
                            "map_public_ip_on_launch": "false",
                            "tags.%": "1",
                            "tags.Name": "subnet-1",
                            "vpc_id": "vpc-8f8029f4"
                        },
                        "meta": {
                            "schema_version": "1"
                        },
                        "tainted": false
                    },
                    "deposed": [],
                    "provider": "provider.aws"
                },
                "aws_subnet.subnet_2": {
                    "type": "aws_subnet",
                    "depends_on": [
                        "aws_vpc.terraform_vpc"
                    ],
                    "primary": {
                        "id": "subnet-84fddad9",
                        "attributes": {
                            "assign_ipv6_address_on_creation": "false",
                            "availability_zone": "us-east-1b",
                            "cidr_block": "10.0.2.0/24",
                            "id": "subnet-84fddad9",
                            "map_public_ip_on_launch": "false",
                            "tags.%": "1",
                            "tags.Name": "subnet-2",
                            "vpc_id": "vpc-8f8029f4"
                        },
                        "meta": {
                            "schema_version": "1"
                        },
                        "tainted": false
                    },
                    "deposed": [],
                    "provider": "provider.aws"
                },
                "aws_vpc.terraform_vpc": {
                    "type": "aws_vpc",
                    "depends_on": [],
                    "primary": {
                        "id": "vpc-8f8029f4",
                        "attributes": {
                            "assign_generated_ipv6_cidr_block": "false",
                            "cidr_block": "10.0.0.0/16",
                            "default_network_acl_id": "acl-e7d1eb9c",
                            "default_route_table_id": "rtb-f697488a",
                            "default_security_group_id": "sg-5fea4b29",
                            "dhcp_options_id": "dopt-becd8bc6",
                            "enable_classiclink": "false",
                            "enable_classiclink_dns_support": "false",
                            "enable_dns_hostnames": "true",
                            "enable_dns_support": "true",
                            "id": "vpc-8f8029f4",
                            "instance_tenancy": "dedicated",
                            "main_route_table_id": "rtb-f697488a",
                            "tags.%": "1",
                            "tags.Name": "terraform"
                        },
                        "meta": {
                            "schema_version": "1"
                        },
                        "tainted": false
                    },
                    "deposed": [],
                    "provider": "provider.aws"
                }
            },
            "depends_on": []
        }
    ]
}
