{
    "version": 3,
    "terraform_version": "0.11.3",
    "serial": 15,
    "lineage": "52cb354b-2c40-4724-836c-b02cdadc009f",
    "modules": [
        {
            "path": [
                "root"
            ],
            "outputs": {},
            "resources": {
                "aws_default_route_table.terraform_rt": {
                    "type": "aws_default_route_table",
                    "depends_on": [
                        "aws_internet_gateway.terrafom_gw",
                        "aws_vpc.terraform_vpc"
                    ],
                    "primary": {
                        "id": "rtb-13df006f",
                        "attributes": {
                            "default_route_table_id": "rtb-13df006f",
                            "id": "rtb-13df006f",
                            "propagating_vgws.#": "0",
                            "route.#": "1",
                            "route.1592721517.cidr_block": "0.0.0.0/0",
                            "route.1592721517.egress_only_gateway_id": "",
                            "route.1592721517.gateway_id": "igw-87c60fff",
                            "route.1592721517.instance_id": "",
                            "route.1592721517.ipv6_cidr_block": "",
                            "route.1592721517.nat_gateway_id": "",
                            "route.1592721517.network_interface_id": "",
                            "route.1592721517.vpc_peering_connection_id": "",
                            "tags.%": "1",
                            "tags.Name": "terraform_default_rt",
                            "vpc_id": "vpc-cf79d0b4"
                        },
                        "meta": {},
                        "tainted": false
                    },
                    "deposed": [],
                    "provider": "provider.aws"
                },
                "aws_instance.web": {
                    "type": "aws_instance",
                    "depends_on": [
                        "aws_key_pair.terraform_key",
                        "aws_security_group.terrafrom_sg_app",
                        "aws_subnet.subnet_1"
                    ],
                    "primary": {
                        "id": "i-07a574a697e61fe97",
                        "attributes": {
                            "ami": "ami-97785bed",
                            "associate_public_ip_address": "true",
                            "availability_zone": "us-east-1a",
                            "disable_api_termination": "false",
                            "ebs_block_device.#": "0",
                            "ebs_optimized": "false",
                            "ephemeral_block_device.#": "0",
                            "iam_instance_profile": "",
                            "id": "i-07a574a697e61fe97",
                            "instance_state": "running",
                            "instance_type": "t2.micro",
                            "ipv6_addresses.#": "0",
                            "key_name": "terraform-key",
                            "monitoring": "false",
                            "network_interface.#": "0",
                            "network_interface_id": "eni-c42c20dd",
                            "placement_group": "",
                            "primary_network_interface_id": "eni-c42c20dd",
                            "private_dns": "ip-10-0-1-105.ec2.internal",
                            "private_ip": "10.0.1.105",
                            "public_dns": "ec2-107-22-149-199.compute-1.amazonaws.com",
                            "public_ip": "107.22.149.199",
                            "root_block_device.#": "1",
                            "root_block_device.0.delete_on_termination": "true",
                            "root_block_device.0.iops": "100",
                            "root_block_device.0.volume_id": "vol-0c67858e7a905c6b2",
                            "root_block_device.0.volume_size": "8",
                            "root_block_device.0.volume_type": "gp2",
                            "security_groups.#": "0",
                            "source_dest_check": "true",
                            "subnet_id": "subnet-9dc62dd7",
                            "tags.%": "1",
                            "tags.Name": "terrafrom-app",
                            "tenancy": "default",
                            "user_data": "9c447d5e4d0841aa66ea6fbddc4ced3f2310cbae",
                            "volume_tags.%": "0",
                            "vpc_security_group_ids.#": "1",
                            "vpc_security_group_ids.1151159601": "sg-ef70d199"
                        },
                        "meta": {
                            "e2bfb730-ecaa-11e6-8f88-34363bc7c4c0": {
                                "create": 600000000000,
                                "delete": 1200000000000,
                                "update": 600000000000
                            },
                            "schema_version": "1"
                        },
                        "tainted": false
                    },
                    "deposed": [],
                    "provider": "provider.aws"
                },
                "aws_internet_gateway.terrafom_gw": {
                    "type": "aws_internet_gateway",
                    "depends_on": [
                        "aws_vpc.terraform_vpc"
                    ],
                    "primary": {
                        "id": "igw-87c60fff",
                        "attributes": {
                            "id": "igw-87c60fff",
                            "tags.%": "1",
                            "tags.Name": "terraform_gw",
                            "vpc_id": "vpc-cf79d0b4"
                        },
                        "meta": {},
                        "tainted": false
                    },
                    "deposed": [],
                    "provider": "provider.aws"
                },
                "aws_key_pair.terraform_key": {
                    "type": "aws_key_pair",
                    "depends_on": [],
                    "primary": {
                        "id": "terraform-key",
                        "attributes": {
                            "id": "terraform-key",
                            "key_name": "terraform-key",
                            "public_key": "ssh-rsa AAAAB3NzaC1yc2EAAAADAQABAAACAQDllVejIyQpF31DzmGRhJEZcAaDRv82i7E/BkamG/nAVekxug81VYUgKstC0iEzhGGid2Mrtk0WFso8V146L4tZR3+20mKhaa4Ng/DNCT3BmEnTYhk6Bq+p8Z1v11dRJCOPbBQ15VNzMcBphbkxePXITsYcvZQ3AB0PCzTH9xtrkkFK06IueFDaUCBs8Yp5gv9xPR7Me2/+QLTCkziwc/JoB91vAViGbLHQ9yEzPzOw2n2tzJkQYLgCnLX919X6+OSp31v97V6mmh/8oyb1woNa1e5UXEDc8yTNsrBaILsBasUFSF5nhKJUmdvffrcSgs5c9AkeiWEwUz/o3bhKSL4pr9OH0fvBXf1g1bL6wmfO9gsVxxX9Wvuy7pjWPUncjZhoeMN/BvEXDQFWPF3x7fIgM3Fl9RfOmYVMxsO52WmiKb7hz3EQLbzRffyfIaA9iXRnq9GH0ccGEKFJp+FAjmujSOzj9kxLgnNH8JSi4o7/931aUZ6K0qA4vqsvk8Uw5pmkPyWdllpm9PZ/M379DjOzWXiePVsRudDqBN9S/PrqJR3cR9ACNPs+SJngxsU7Fqpvr2Efh+2wZqvACZUifH0vt6NrPzPBkKTvOZJcUa/ZqQTG0y1ClVQSvjEUmmg++AbAR08ZtVZnXzfEMNsdbc//TrSTT7CSWSuKZMjQCwLKzw== hello@rolindroy"
                        },
                        "meta": {
                            "schema_version": "1"
                        },
                        "tainted": false
                    },
                    "deposed": [],
                    "provider": "provider.aws"
                },
                "aws_route_table_association.terraform_public_subnet_1": {
                    "type": "aws_route_table_association",
                    "depends_on": [
                        "aws_subnet.subnet_1",
                        "aws_vpc.terraform_vpc"
                    ],
                    "primary": {
                        "id": "rtbassoc-f1a39c8d",
                        "attributes": {
                            "id": "rtbassoc-f1a39c8d",
                            "route_table_id": "rtb-13df006f",
                            "subnet_id": "subnet-9dc62dd7"
                        },
                        "meta": {},
                        "tainted": false
                    },
                    "deposed": [],
                    "provider": "provider.aws"
                },
                "aws_security_group.terrafrom_sg_app": {
                    "type": "aws_security_group",
                    "depends_on": [
                        "aws_vpc.terraform_vpc"
                    ],
                    "primary": {
                        "id": "sg-ef70d199",
                        "attributes": {
                            "description": "Allow all egress traffic and ingress 22,80",
                            "egress.#": "1",
                            "egress.482069346.cidr_blocks.#": "1",
                            "egress.482069346.cidr_blocks.0": "0.0.0.0/0",
                            "egress.482069346.description": "",
                            "egress.482069346.from_port": "0",
                            "egress.482069346.ipv6_cidr_blocks.#": "0",
                            "egress.482069346.prefix_list_ids.#": "0",
                            "egress.482069346.protocol": "-1",
                            "egress.482069346.security_groups.#": "0",
                            "egress.482069346.self": "false",
                            "egress.482069346.to_port": "0",
                            "id": "sg-ef70d199",
                            "ingress.#": "2",
                            "ingress.2214680975.cidr_blocks.#": "1",
                            "ingress.2214680975.cidr_blocks.0": "0.0.0.0/0",
                            "ingress.2214680975.description": "",
                            "ingress.2214680975.from_port": "80",
                            "ingress.2214680975.ipv6_cidr_blocks.#": "0",
                            "ingress.2214680975.protocol": "tcp",
                            "ingress.2214680975.security_groups.#": "0",
                            "ingress.2214680975.self": "false",
                            "ingress.2214680975.to_port": "80",
                            "ingress.2541437006.cidr_blocks.#": "1",
                            "ingress.2541437006.cidr_blocks.0": "0.0.0.0/0",
                            "ingress.2541437006.description": "",
                            "ingress.2541437006.from_port": "22",
                            "ingress.2541437006.ipv6_cidr_blocks.#": "0",
                            "ingress.2541437006.protocol": "tcp",
                            "ingress.2541437006.security_groups.#": "0",
                            "ingress.2541437006.self": "false",
                            "ingress.2541437006.to_port": "22",
                            "name": "terraform_sg_app",
                            "owner_id": "947778580129",
                            "revoke_rules_on_delete": "false",
                            "tags.%": "0",
                            "vpc_id": "vpc-cf79d0b4"
                        },
                        "meta": {
                            "schema_version": "1"
                        },
                        "tainted": false
                    },
                    "deposed": [],
                    "provider": "provider.aws"
                },
                "aws_subnet.subnet_1": {
                    "type": "aws_subnet",
                    "depends_on": [
                        "aws_vpc.terraform_vpc"
                    ],
                    "primary": {
                        "id": "subnet-9dc62dd7",
                        "attributes": {
                            "assign_ipv6_address_on_creation": "false",
                            "availability_zone": "us-east-1a",
                            "cidr_block": "10.0.1.0/24",
                            "id": "subnet-9dc62dd7",
                            "map_public_ip_on_launch": "true",
                            "tags.%": "1",
                            "tags.Name": "subnet-1",
                            "vpc_id": "vpc-cf79d0b4"
                        },
                        "meta": {
                            "schema_version": "1"
                        },
                        "tainted": false
                    },
                    "deposed": [],
                    "provider": "provider.aws"
                },
                "aws_subnet.subnet_2": {
                    "type": "aws_subnet",
                    "depends_on": [
                        "aws_vpc.terraform_vpc"
                    ],
                    "primary": {
                        "id": "subnet-a2dbfcff",
                        "attributes": {
                            "assign_ipv6_address_on_creation": "false",
                            "availability_zone": "us-east-1b",
                            "cidr_block": "10.0.2.0/24",
                            "id": "subnet-a2dbfcff",
                            "map_public_ip_on_launch": "false",
                            "tags.%": "1",
                            "tags.Name": "subnet-2",
                            "vpc_id": "vpc-cf79d0b4"
                        },
                        "meta": {
                            "schema_version": "1"
                        },
                        "tainted": false
                    },
                    "deposed": [],
                    "provider": "provider.aws"
                },
                "aws_vpc.terraform_vpc": {
                    "type": "aws_vpc",
                    "depends_on": [],
                    "primary": {
                        "id": "vpc-cf79d0b4",
                        "attributes": {
                            "assign_generated_ipv6_cidr_block": "false",
                            "cidr_block": "10.0.0.0/16",
                            "default_network_acl_id": "acl-b59fa5ce",
                            "default_route_table_id": "rtb-13df006f",
                            "default_security_group_id": "sg-b978d9cf",
                            "dhcp_options_id": "dopt-becd8bc6",
                            "enable_classiclink": "false",
                            "enable_classiclink_dns_support": "false",
                            "enable_dns_hostnames": "true",
                            "enable_dns_support": "true",
                            "id": "vpc-cf79d0b4",
                            "instance_tenancy": "default",
                            "main_route_table_id": "rtb-13df006f",
                            "tags.%": "1",
                            "tags.Name": "terraform"
                        },
                        "meta": {
                            "schema_version": "1"
                        },
                        "tainted": false
                    },
                    "deposed": [],
                    "provider": "provider.aws"
                }
            },
            "depends_on": []
        }
    ]
}
